// !$*UTF8*$!
{
	archiveVersion = 1;
	classes = {
	};
	objectVersion = 77;
	objects = {

/* Begin PBXBuildFile section */
		C9AB252E2F47289A0032D25B /* AzureSpeechSDK in Frameworks */ = {isa = PBXBuildFile; productRef = C9AB252D2F47289A0032D25B /* AzureSpeechSDK */; };
		C9AB25312F472D9A0032D25B /* Dependencies in Frameworks */ = {isa = PBXBuildFile; productRef = C9AB25302F472D9A0032D25B /* Dependencies */; };
		C9AB25332F472D9A0032D25B /* DependenciesMacros in Frameworks */ = {isa = PBXBuildFile; productRef = C9AB25322F472D9A0032D25B /* DependenciesMacros */; };
/* End PBXBuildFile section */

/* Begin PBXContainerItemProxy section */
		C932C3822F4658E200749208 /* PBXContainerItemProxy */ = {
			isa = PBXContainerItemProxy;
			containerPortal = C932C3672F4658E000749208 /* Project object */;
			proxyType = 1;
			remoteGlobalIDString = C932C36E2F4658E000749208;
			remoteInfo = VocalAI;
		};
		C932C38C2F4658E200749208 /* PBXContainerItemProxy */ = {
			isa = PBXContainerItemProxy;
			containerPortal = C932C3672F4658E000749208 /* Project object */;
			proxyType = 1;
			remoteGlobalIDString = C932C36E2F4658E000749208;
			remoteInfo = VocalAI;
		};
/* End PBXContainerItemProxy section */

/* Begin PBXFileReference section */
		C932C36F2F4658E000749208 /* VocalAI.app */ = {isa = PBXFileReference; explicitFileType = wrapper.application; includeInIndex = 0; path = VocalAI.app; sourceTree = BUILT_PRODUCTS_DIR; };
		C932C3812F4658E200749208 /* VocalAITests.xctest */ = {isa = PBXFileReference; explicitFileType = wrapper.cfbundle; includeInIndex = 0; path = VocalAITests.xctest; sourceTree = BUILT_PRODUCTS_DIR; };
		C932C38B2F4658E200749208 /* VocalAIUITests.xctest */ = {isa = PBXFileReference; explicitFileType = wrapper.cfbundle; includeInIndex = 0; path = VocalAIUITests.xctest; sourceTree = BUILT_PRODUCTS_DIR; };
/* End PBXFileReference section */

/* Begin PBXFileSystemSynchronizedRootGroup section */
		C932C3712F4658E000749208 /* VocalAI */ = {
			isa = PBXFileSystemSynchronizedRootGroup;
			path = VocalAI;
			sourceTree = "<group>";
		};
		C932C3842F4658E200749208 /* VocalAITests */ = {
			isa = PBXFileSystemSynchronizedRootGroup;
			path = VocalAITests;
			sourceTree = "<group>";
		};
		C932C38E2F4658E200749208 /* VocalAIUITests */ = {
			isa = PBXFileSystemSynchronizedRootGroup;
			path = VocalAIUITests;
			sourceTree = "<group>";
		};
/* End PBXFileSystemSynchronizedRootGroup section */

/* Begin PBXFrameworksBuildPhase section */
		C932C36C2F4658E000749208 /* Frameworks */ = {
			isa = PBXFrameworksBuildPhase;
			buildActionMask = 2147483647;
			files = (
				C9AB252E2F47289A0032D25B /* AzureSpeechSDK in Frameworks */,
				C9AB25312F472D9A0032D25B /* Dependencies in Frameworks */,
				C9AB25332F472D9A0032D25B /* DependenciesMacros in Frameworks */,
			);
			runOnlyForDeploymentPostprocessing = 0;
		};
		C932C37E2F4658E200749208 /* Frameworks */ = {
			isa = PBXFrameworksBuildPhase;
			buildActionMask = 2147483647;
			files = (
			);
			runOnlyForDeploymentPostprocessing = 0;
		};
		C932C3882F4658E200749208 /* Frameworks */ = {
			isa = PBXFrameworksBuildPhase;
			buildActionMask = 2147483647;
			files = (
			);
			runOnlyForDeploymentPostprocessing = 0;
		};
/* End PBXFrameworksBuildPhase section */

/* Begin PBXGroup section */
		C932C3662F4658E000749208 = {
			isa = PBXGroup;
			children = (
				C932C3712F4658E000749208 /* VocalAI */,
				C932C3842F4658E200749208 /* VocalAITests */,
				C932C38E2F4658E200749208 /* VocalAIUITests */,
				C932C3702F4658E000749208 /* Products */,
			);
			sourceTree = "<group>";
		};
		C932C3702F4658E000749208 /* Products */ = {
			isa = PBXGroup;
			children = (
				C932C36F2F4658E000749208 /* VocalAI.app */,
				C932C3812F4658E200749208 /* VocalAITests.xctest */,
				C932C38B2F4658E200749208 /* VocalAIUITests.xctest */,
			);
			name = Products;
			sourceTree = "<group>";
		};
/* End PBXGroup section */

/* Begin PBXNativeTarget section */
		C932C36E2F4658E000749208 /* VocalAI */ = {
			isa = PBXNativeTarget;
			buildConfigurationList = C932C3952F4658E200749208 /* Build configuration list for PBXNativeTarget "VocalAI" */;
			buildPhases = (
				C932C36B2F4658E000749208 /* Sources */,
				C932C36C2F4658E000749208 /* Frameworks */,
				C932C36D2F4658E000749208 /* Resources */,
			);
			buildRules = (
			);
			dependencies = (
			);
			fileSystemSynchronizedGroups = (
				C932C3712F4658E000749208 /* VocalAI */,
			);
			name = VocalAI;
			packageProductDependencies = (
				C9AB252D2F47289A0032D25B /* AzureSpeechSDK */,
				C9AB25302F472D9A0032D25B /* Dependencies */,
				C9AB25322F472D9A0032D25B /* DependenciesMacros */,
			);
			productName = VocalAI;
			productReference = C932C36F2F4658E000749208 /* VocalAI.app */;
			productType = "com.apple.product-type.application";
		};
		C932C3802F4658E200749208 /* VocalAITests */ = {
			isa = PBXNativeTarget;
			buildConfigurationList = C932C3982F4658E200749208 /* Build configuration list for PBXNativeTarget "VocalAITests" */;
			buildPhases = (
				C932C37D2F4658E200749208 /* Sources */,
				C932C37E2F4658E200749208 /* Frameworks */,
				C932C37F2F4658E200749208 /* Resources */,
			);
			buildRules = (
			);
			dependencies = (
				C932C3832F4658E200749208 /* PBXTargetDependency */,
			);
			fileSystemSynchronizedGroups = (
				C932C3842F4658E200749208 /* VocalAITests */,
			);
			name = VocalAITests;
			packageProductDependencies = (
			);
			productName = VocalAITests;
			productReference = C932C3812F4658E200749208 /* VocalAITests.xctest */;
			productType = "com.apple.product-type.bundle.unit-test";
		};
		C932C38A2F4658E200749208 /* VocalAIUITests */ = {
			isa = PBXNativeTarget;
			buildConfigurationList = C932C39B2F4658E200749208 /* Build configuration list for PBXNativeTarget "VocalAIUITests" */;
			buildPhases = (
				C932C3872F4658E200749208 /* Sources */,
				C932C3882F4658E200749208 /* Frameworks */,
				C932C3892F4658E200749208 /* Resources */,
			);
			buildRules = (
			);
			dependencies = (
				C932C38D2F4658E200749208 /* PBXTargetDependency */,
			);
			fileSystemSynchronizedGroups = (
				C932C38E2F4658E200749208 /* VocalAIUITests */,
			);
			name = VocalAIUITests;
			packageProductDependencies = (
			);
			productName = VocalAIUITests;
			productReference = C932C38B2F4658E200749208 /* VocalAIUITests.xctest */;
			productType = "com.apple.product-type.bundle.ui-testing";
		};
/* End PBXNativeTarget section */

/* Begin PBXProject section */
		C932C3672F4658E000749208 /* Project object */ = {
			isa = PBXProject;
			attributes = {
				BuildIndependentTargetsInParallel = 1;
				LastSwiftUpdateCheck = 2600;
				LastUpgradeCheck = 2600;
				TargetAttributes = {
					C932C36E2F4658E000749208 = {
						CreatedOnToolsVersion = 26.0.1;
					};
					C932C3802F4658E200749208 = {
						CreatedOnToolsVersion = 26.0.1;
						TestTargetID = C932C36E2F4658E000749208;
					};
					C932C38A2F4658E200749208 = {
						CreatedOnToolsVersion = 26.0.1;
						TestTargetID = C932C36E2F4658E000749208;
					};
				};
			};
			buildConfigurationList = C932C36A2F4658E000749208 /* Build configuration list for PBXProject "VocalAI" */;
			developmentRegion = en;
			hasScannedForEncodings = 0;
			knownRegions = (
				en,
				Base,
			);
			mainGroup = C932C3662F4658E000749208;
			minimizedProjectReferenceProxies = 1;
			packageReferences = (
				C9AB252C2F47289A0032D25B /* XCLocalSwiftPackageReference "Packages/AzureSpeechSDK" */,
				C9AB252F2F472D9A0032D25B /* XCRemoteSwiftPackageReference "swift-dependencies" */,
			);
			preferredProjectObjectVersion = 77;
			productRefGroup = C932C3702F4658E000749208 /* Products */;
			projectDirPath = "";
			projectRoot = "";
			targets = (
				C932C36E2F4658E000749208 /* VocalAI */,
				C932C3802F4658E200749208 /* VocalAITests */,
				C932C38A2F4658E200749208 /* VocalAIUITests */,
			);
		};
/* End PBXProject section */

/* Begin PBXResourcesBuildPhase section */
		C932C36D2F4658E000749208 /* Resources */ = {
			isa = PBXResourcesBuildPhase;
			buildActionMask = 2147483647;
			files = (
			);
			runOnlyForDeploymentPostprocessing = 0;
		};
		C932C37F2F4658E200749208 /* Resources */ = {
			isa = PBXResourcesBuildPhase;
			buildActionMask = 2147483647;
			files = (
			);
			runOnlyForDeploymentPostprocessing = 0;
		};
		C932C3892F4658E200749208 /* Resources */ = {
			isa = PBXResourcesBuildPhase;
			buildActionMask = 2147483647;
			files = (
			);
			runOnlyForDeploymentPostprocessing = 0;
		};
/* End PBXResourcesBuildPhase section */

/* Begin PBXSourcesBuildPhase section */
		C932C36B2F4658E000749208 /* Sources */ = {
			isa = PBXSourcesBuildPhase;
			buildActionMask = 2147483647;
			files = (
			);
			runOnlyForDeploymentPostprocessing = 0;
		};
		C932C37D2F4658E200749208 /* Sources */ = {
			isa = PBXSourcesBuildPhase;
			buildActionMask = 2147483647;
			files = (
			);
			runOnlyForDeploymentPostprocessing = 0;
		};
		C932C3872F4658E200749208 /* Sources */ = {
			isa = PBXSourcesBuildPhase;
			buildActionMask = 2147483647;
			files = (
			);
			runOnlyForDeploymentPostprocessing = 0;
		};
/* End PBXSourcesBuildPhase section */

/* Begin PBXTargetDependency section */
		C932C3832F4658E200749208 /* PBXTargetDependency */ = {
			isa = PBXTargetDependency;
			target = C932C36E2F4658E000749208 /* VocalAI */;
			targetProxy = C932C3822F4658E200749208 /* PBXContainerItemProxy */;
		};
		C932C38D2F4658E200749208 /* PBXTargetDependency */ = {
			isa = PBXTargetDependency;
			target = C932C36E2F4658E000749208 /* VocalAI */;
			targetProxy = C932C38C2F4658E200749208 /* PBXContainerItemProxy */;
		};
/* End PBXTargetDependency section */

/* Begin XCBuildConfiguration section */
		C932C3932F4658E200749208 /* Debug */ = {
			isa = XCBuildConfiguration;
			buildSettings = {
				ALWAYS_SEARCH_USER_PATHS = NO;
				ASSETCATALOG_COMPILER_GENERATE_SWIFT_ASSET_SYMBOL_EXTENSIONS = YES;
				CLANG_ANALYZER_NONNULL = YES;
				CLANG_ANALYZER_NUMBER_OBJECT_CONVERSION = YES_AGGRESSIVE;
				CLANG_CXX_LANGUAGE_STANDARD = "gnu++20";
				CLANG_ENABLE_MODULES = YES;
				CLANG_ENABLE_OBJC_ARC = YES;
				CLANG_ENABLE_OBJC_WEAK = YES;
				CLANG_WARN_BLOCK_CAPTURE_AUTORELEASING = YES;
				CLANG_WARN_BOOL_CONVERSION = YES;
				CLANG_WARN_COMMA = YES;
				CLANG_WARN_CONSTANT_CONVERSION = YES;
				CLANG_WARN_DEPRECATED_OBJC_IMPLEMENTATIONS = YES;
				CLANG_WARN_DIRECT_OBJC_ISA_USAGE = YES_ERROR;
				CLANG_WARN_DOCUMENTATION_COMMENTS = YES;
				CLANG_WARN_EMPTY_BODY = YES;
				CLANG_WARN_ENUM_CONVERSION = YES;
				CLANG_WARN_INFINITE_RECURSION = YES;
				CLANG_WARN_INT_CONVERSION = YES;
				CLANG_WARN_NON_LITERAL_NULL_CONVERSION = YES;
				CLANG_WARN_OBJC_IMPLICIT_RETAIN_SELF = YES;
				CLANG_WARN_OBJC_LITERAL_CONVERSION = YES;
				CLANG_WARN_OBJC_ROOT_CLASS = YES_ERROR;
				CLANG_WARN_QUOTED_INCLUDE_IN_FRAMEWORK_HEADER = YES;
				CLANG_WARN_RANGE_LOOP_ANALYSIS = YES;
				CLANG_WARN_STRICT_PROTOTYPES = YES;
				CLANG_WARN_SUSPICIOUS_MOVE = YES;
				CLANG_WARN_UNGUARDED_AVAILABILITY = YES_AGGRESSIVE;
				CLANG_WARN_UNREACHABLE_CODE = YES;
				CLANG_WARN__DUPLICATE_METHOD_MATCH = YES;
				COPY_PHASE_STRIP = NO;
				DEBUG_INFORMATION_FORMAT = dwarf;
				DEVELOPMENT_TEAM = 4Q3ASJHS6S;
				ENABLE_STRICT_OBJC_MSGSEND = YES;
				ENABLE_TESTABILITY = YES;
				ENABLE_USER_SCRIPT_SANDBOXING = YES;
				GCC_C_LANGUAGE_STANDARD = gnu17;
				GCC_DYNAMIC_NO_PIC = NO;
				GCC_NO_COMMON_BLOCKS = YES;
				GCC_OPTIMIZATION_LEVEL = 0;
				GCC_PREPROCESSOR_DEFINITIONS = (
					"DEBUG=1",
					"$(inherited)",
				);
				GCC_WARN_64_TO_32_BIT_CONVERSION = YES;
				GCC_WARN_ABOUT_RETURN_TYPE = YES_ERROR;
				GCC_WARN_UNDECLARED_SELECTOR = YES;
				GCC_WARN_UNINITIALIZED_AUTOS = YES_AGGRESSIVE;
				GCC_WARN_UNUSED_FUNCTION = YES;
				GCC_WARN_UNUSED_VARIABLE = YES;
				IPHONEOS_DEPLOYMENT_TARGET = 26.0;
				LOCALIZATION_PREFERS_STRING_CATALOGS = YES;
				MTL_ENABLE_DEBUG_INFO = INCLUDE_SOURCE;
				MTL_FAST_MATH = YES;
				ONLY_ACTIVE_ARCH = YES;
				SDKROOT = iphoneos;
				SWIFT_ACTIVE_COMPILATION_CONDITIONS = "DEBUG $(inherited)";
				SWIFT_OPTIMIZATION_LEVEL = "-Onone";
			};
			name = Debug;
		};
		C932C3942F4658E200749208 /* Release */ = {
			isa = XCBuildConfiguration;
			buildSettings = {
				ALWAYS_SEARCH_USER_PATHS = NO;
				ASSETCATALOG_COMPILER_GENERATE_SWIFT_ASSET_SYMBOL_EXTENSIONS = YES;
				CLANG_ANALYZER_NONNULL = YES;
				CLANG_ANALYZER_NUMBER_OBJECT_CONVERSION = YES_AGGRESSIVE;
				CLANG_CXX_LANGUAGE_STANDARD = "gnu++20";
				CLANG_ENABLE_MODULES = YES;
				CLANG_ENABLE_OBJC_ARC = YES;
				CLANG_ENABLE_OBJC_WEAK = YES;
				CLANG_WARN_BLOCK_CAPTURE_AUTORELEASING = YES;
				CLANG_WARN_BOOL_CONVERSION = YES;
				CLANG_WARN_COMMA = YES;
				CLANG_WARN_CONSTANT_CONVERSION = YES;
				CLANG_WARN_DEPRECATED_OBJC_IMPLEMENTATIONS = YES;
				CLANG_WARN_DIRECT_OBJC_ISA_USAGE = YES_ERROR;
				CLANG_WARN_DOCUMENTATION_COMMENTS = YES;
				CLANG_WARN_EMPTY_BODY = YES;
				CLANG_WARN_ENUM_CONVERSION = YES;
				CLANG_WARN_INFINITE_RECURSION = YES;
				CLANG_WARN_INT_CONVERSION = YES;
				CLANG_WARN_NON_LITERAL_NULL_CONVERSION = YES;
				CLANG_WARN_OBJC_IMPLICIT_RETAIN_SELF = YES;
				CLANG_WARN_OBJC_LITERAL_CONVERSION = YES;
				CLANG_WARN_OBJC_ROOT_CLASS = YES_ERROR;
				CLANG_WARN_QUOTED_INCLUDE_IN_FRAMEWORK_HEADER = YES;
				CLANG_WARN_RANGE_LOOP_ANALYSIS = YES;
				CLANG_WARN_STRICT_PROTOTYPES = YES;
				CLANG_WARN_SUSPICIOUS_MOVE = YES;
				CLANG_WARN_UNGUARDED_AVAILABILITY = YES_AGGRESSIVE;
				CLANG_WARN_UNREACHABLE_CODE = YES;
				CLANG_WARN__DUPLICATE_METHOD_MATCH = YES;
				COPY_PHASE_STRIP = NO;
				DEBUG_INFORMATION_FORMAT = "dwarf-with-dsym";
				DEVELOPMENT_TEAM = 4Q3ASJHS6S;
				ENABLE_NS_ASSERTIONS = NO;
				ENABLE_STRICT_OBJC_MSGSEND = YES;
				ENABLE_USER_SCRIPT_SANDBOXING = YES;
				GCC_C_LANGUAGE_STANDARD = gnu17;
				GCC_NO_COMMON_BLOCKS = YES;
				GCC_WARN_64_TO_32_BIT_CONVERSION = YES;
				GCC_WARN_ABOUT_RETURN_TYPE = YES_ERROR;
				GCC_WARN_UNDECLARED_SELECTOR = YES;
				GCC_WARN_UNINITIALIZED_AUTOS = YES_AGGRESSIVE;
				GCC_WARN_UNUSED_FUNCTION = YES;
				GCC_WARN_UNUSED_VARIABLE = YES;
				IPHONEOS_DEPLOYMENT_TARGET = 26.0;
				LOCALIZATION_PREFERS_STRING_CATALOGS = YES;
				MTL_ENABLE_DEBUG_INFO = NO;
				MTL_FAST_MATH = YES;
				SDKROOT = iphoneos;
				SWIFT_COMPILATION_MODE = wholemodule;
				VALIDATE_PRODUCT = YES;
			};
			name = Release;
		};
		C932C3962F4658E200749208 /* Debug */ = {
			isa = XCBuildConfiguration;
			buildSettings = {
				ASSETCATALOG_COMPILER_APPICON_NAME = AppIcon;
				ASSETCATALOG_COMPILER_GLOBAL_ACCENT_COLOR_NAME = AccentColor;
				CODE_SIGN_STYLE = Automatic;
				CURRENT_PROJECT_VERSION = 1;
				DEVELOPMENT_TEAM = P8N8P57QSQ;
				ENABLE_PREVIEWS = YES;
				GENERATE_INFOPLIST_FILE = YES;
				INFOPLIST_KEY_NSMicrophoneUsageDescription = "VocalAI needs access to your microphone for voice conversations.";
				INFOPLIST_KEY_NSSpeechRecognitionUsageDescription = "VocalAI uses speech recognition to transcribe your voice.";
				INFOPLIST_KEY_UIApplicationSceneManifest_Generation = YES;
				INFOPLIST_KEY_UIApplicationSupportsIndirectInputEvents = YES;
				INFOPLIST_KEY_UILaunchScreen_Generation = YES;
				INFOPLIST_KEY_UISupportedInterfaceOrientations_iPad = "UIInterfaceOrientationPortrait UIInterfaceOrientationPortraitUpsideDown UIInterfaceOrientationLandscapeLeft UIInterfaceOrientationLandscapeRight";
				INFOPLIST_KEY_UISupportedInterfaceOrientations_iPhone = "UIInterfaceOrientationPortrait UIInterfaceOrientationLandscapeLeft UIInterfaceOrientationLandscapeRight";
				LD_RUNPATH_SEARCH_PATHS = (
					"$(inherited)",
					"@executable_path/Frameworks",
				);
				MARKETING_VERSION = 1.0;
				PRODUCT_BUNDLE_IDENTIFIER = com.amg.VocalAI;
				PRODUCT_NAME = "$(TARGET_NAME)";
				STRING_CATALOG_GENERATE_SYMBOLS = YES;
				SWIFT_APPROACHABLE_CONCURRENCY = YES;
				SWIFT_DEFAULT_ACTOR_ISOLATION = MainActor;
				SWIFT_EMIT_LOC_STRINGS = YES;
				SWIFT_UPCOMING_FEATURE_MEMBER_IMPORT_VISIBILITY = YES;
				SWIFT_VERSION = 5.0;
				TARGETED_DEVICE_FAMILY = "1,2";
			};
			name = Debug;
		};
		C932C3972F4658E200749208 /* Release */ = {
			isa = XCBuildConfiguration;
			buildSettings = {
				ASSETCATALOG_COMPILER_APPICON_NAME = AppIcon;
				ASSETCATALOG_COMPILER_GLOBAL_ACCENT_COLOR_NAME = AccentColor;
				CODE_SIGN_STYLE = Automatic;
				CURRENT_PROJECT_VERSION = 1;
				DEVELOPMENT_TEAM = P8N8P57QSQ;
				ENABLE_PREVIEWS = YES;
				GENERATE_INFOPLIST_FILE = YES;
				INFOPLIST_KEY_NSMicrophoneUsageDescription = "VocalAI needs access to your microphone for voice conversations.";
				INFOPLIST_KEY_NSSpeechRecognitionUsageDescription = "VocalAI uses speech recognition to transcribe your voice.";
				INFOPLIST_KEY_UIApplicationSceneManifest_Generation = YES;
				INFOPLIST_KEY_UIApplicationSupportsIndirectInputEvents = YES;
				INFOPLIST_KEY_UILaunchScreen_Generation = YES;
				INFOPLIST_KEY_UISupportedInterfaceOrientations_iPad = "UIInterfaceOrientationPortrait UIInterfaceOrientationPortraitUpsideDown UIInterfaceOrientationLandscapeLeft UIInterfaceOrientationLandscapeRight";
				INFOPLIST_KEY_UISupportedInterfaceOrientations_iPhone = "UIInterfaceOrientationPortrait UIInterfaceOrientationLandscapeLeft UIInterfaceOrientationLandscapeRight";
				LD_RUNPATH_SEARCH_PATHS = (
					"$(inherited)",
					"@executable_path/Frameworks",
				);
				MARKETING_VERSION = 1.0;
				PRODUCT_BUNDLE_IDENTIFIER = com.amg.VocalAI;
				PRODUCT_NAME = "$(TARGET_NAME)";
				STRING_CATALOG_GENERATE_SYMBOLS = YES;
				SWIFT_APPROACHABLE_CONCURRENCY = YES;
				SWIFT_DEFAULT_ACTOR_ISOLATION = MainActor;
				SWIFT_EMIT_LOC_STRINGS = YES;
				SWIFT_UPCOMING_FEATURE_MEMBER_IMPORT_VISIBILITY = YES;
				SWIFT_VERSION = 5.0;
				TARGETED_DEVICE_FAMILY = "1,2";
			};
			name = Release;
		};
		C932C3992F4658E200749208 /* Debug */ = {
			isa = XCBuildConfiguration;
			buildSettings = {
				BUNDLE_LOADER = "$(TEST_HOST)";
				CODE_SIGN_STYLE = Automatic;
				CURRENT_PROJECT_VERSION = 1;
				DEVELOPMENT_TEAM = 4Q3ASJHS6S;
				GENERATE_INFOPLIST_FILE = YES;
				IPHONEOS_DEPLOYMENT_TARGET = 26.0;
				MARKETING_VERSION = 1.0;
				PRODUCT_BUNDLE_IDENTIFIER = com.amg.VocalAITests;
				PRODUCT_NAME = "$(TARGET_NAME)";
				STRING_CATALOG_GENERATE_SYMBOLS = NO;
				SWIFT_APPROACHABLE_CONCURRENCY = YES;
				SWIFT_EMIT_LOC_STRINGS = NO;
				SWIFT_UPCOMING_FEATURE_MEMBER_IMPORT_VISIBILITY = YES;
				SWIFT_VERSION = 5.0;
				TARGETED_DEVICE_FAMILY = "1,2";
				TEST_HOST = "$(BUILT_PRODUCTS_DIR)/VocalAI.app/$(BUNDLE_EXECUTABLE_FOLDER_PATH)/VocalAI";
			};
			name = Debug;
		};
		C932C39A2F4658E200749208 /* Release */ = {
			isa = XCBuildConfiguration;
			buildSettings = {
				BUNDLE_LOADER = "$(TEST_HOST)";
				CODE_SIGN_STYLE = Automatic;
				CURRENT_PROJECT_VERSION = 1;
				DEVELOPMENT_TEAM = 4Q3ASJHS6S;
				GENERATE_INFOPLIST_FILE = YES;
				IPHONEOS_DEPLOYMENT_TARGET = 26.0;
				MARKETING_VERSION = 1.0;
				PRODUCT_BUNDLE_IDENTIFIER = com.amg.VocalAITests;
				PRODUCT_NAME = "$(TARGET_NAME)";
				STRING_CATALOG_GENERATE_SYMBOLS = NO;
				SWIFT_APPROACHABLE_CONCURRENCY = YES;
				SWIFT_EMIT_LOC_STRINGS = NO;
				SWIFT_UPCOMING_FEATURE_MEMBER_IMPORT_VISIBILITY = YES;
				SWIFT_VERSION = 5.0;
				TARGETED_DEVICE_FAMILY = "1,2";
				TEST_HOST = "$(BUILT_PRODUCTS_DIR)/VocalAI.app/$(BUNDLE_EXECUTABLE_FOLDER_PATH)/VocalAI";
			};
			name = Release;
		};
		C932C39C2F4658E200749208 /* Debug */ = {
			isa = XCBuildConfiguration;
			buildSettings = {
				CODE_SIGN_STYLE = Automatic;
				CURRENT_PROJECT_VERSION = 1;
				DEVELOPMENT_TEAM = 4Q3ASJHS6S;
				GENERATE_INFOPLIST_FILE = YES;
				MARKETING_VERSION = 1.0;
				PRODUCT_BUNDLE_IDENTIFIER = com.amg.VocalAIUITests;
				PRODUCT_NAME = "$(TARGET_NAME)";
				STRING_CATALOG_GENERATE_SYMBOLS = NO;
				SWIFT_APPROACHABLE_CONCURRENCY = YES;
				SWIFT_EMIT_LOC_STRINGS = NO;
				SWIFT_UPCOMING_FEATURE_MEMBER_IMPORT_VISIBILITY = YES;
				SWIFT_VERSION = 5.0;
				TARGETED_DEVICE_FAMILY = "1,2";
				TEST_TARGET_NAME = VocalAI;
			};
			name = Debug;
		};
		C932C39D2F4658E200749208 /* Release */ = {
			isa = XCBuildConfiguration;
			buildSettings = {
				CODE_SIGN_STYLE = Automatic;
				CURRENT_PROJECT_VERSION = 1;
				DEVELOPMENT_TEAM = 4Q3ASJHS6S;
				GENERATE_INFOPLIST_FILE = YES;
				MARKETING_VERSION = 1.0;
				PRODUCT_BUNDLE_IDENTIFIER = com.amg.VocalAIUITests;
				PRODUCT_NAME = "$(TARGET_NAME)";
				STRING_CATALOG_GENERATE_SYMBOLS = NO;
				SWIFT_APPROACHABLE_CONCURRENCY = YES;
				SWIFT_EMIT_LOC_STRINGS = NO;
				SWIFT_UPCOMING_FEATURE_MEMBER_IMPORT_VISIBILITY = YES;
				SWIFT_VERSION = 5.0;
				TARGETED_DEVICE_FAMILY = "1,2";
				TEST_TARGET_NAME = VocalAI;
			};
			name = Release;
		};
/* End XCBuildConfiguration section */

/* Begin XCConfigurationList section */
		C932C36A2F4658E000749208 /* Build configuration list for PBXProject "VocalAI" */ = {
			isa = XCConfigurationList;
			buildConfigurations = (
				C932C3932F4658E200749208 /* Debug */,
				C932C3942F4658E200749208 /* Release */,
			);
			defaultConfigurationIsVisible = 0;
			defaultConfigurationName = Release;
		};
		C932C3952F4658E200749208 /* Build configuration list for PBXNativeTarget "VocalAI" */ = {
			isa = XCConfigurationList;
			buildConfigurations = (
				C932C3962F4658E200749208 /* Debug */,
				C932C3972F4658E200749208 /* Release */,
			);
			defaultConfigurationIsVisible = 0;
			defaultConfigurationName = Release;
		};
		C932C3982F4658E200749208 /* Build configuration list for PBXNativeTarget "VocalAITests" */ = {
			isa = XCConfigurationList;
			buildConfigurations = (
				C932C3992F4658E200749208 /* Debug */,
				C932C39A2F4658E200749208 /* Release */,
			);
			defaultConfigurationIsVisible = 0;
			defaultConfigurationName = Release;
		};
		C932C39B2F4658E200749208 /* Build configuration list for PBXNativeTarget "VocalAIUITests" */ = {
			isa = XCConfigurationList;
			buildConfigurations = (
				C932C39C2F4658E200749208 /* Debug */,
				C932C39D2F4658E200749208 /* Release */,
			);
			defaultConfigurationIsVisible = 0;
			defaultConfigurationName = Release;
		};
/* End XCConfigurationList section */

/* Begin XCLocalSwiftPackageReference section */
		C9AB252C2F47289A0032D25B /* XCLocalSwiftPackageReference "Packages/AzureSpeechSDK" */ = {
			isa = XCLocalSwiftPackageReference;
			relativePath = Packages/AzureSpeechSDK;
		};
/* End XCLocalSwiftPackageReference section */

/* Begin XCRemoteSwiftPackageReference section */
		C9AB252F2F472D9A0032D25B /* XCRemoteSwiftPackageReference "swift-dependencies" */ = {
			isa = XCRemoteSwiftPackageReference;
			repositoryURL = "https://github.com/pointfreeco/swift-dependencies";
			requirement = {
				kind = upToNextMajorVersion;
				minimumVersion = 1.11.0;
			};
		};
/* End XCRemoteSwiftPackageReference section */

/* Begin XCSwiftPackageProductDependency section */
		C9AB252D2F47289A0032D25B /* AzureSpeechSDK */ = {
			isa = XCSwiftPackageProductDependency;
			productName = AzureSpeechSDK;
		};
		C9AB25302F472D9A0032D25B /* Dependencies */ = {
			isa = XCSwiftPackageProductDependency;
			package = C9AB252F2F472D9A0032D25B /* XCRemoteSwiftPackageReference "swift-dependencies" */;
			productName = Dependencies;
		};
		C9AB25322F472D9A0032D25B /* DependenciesMacros */ = {
			isa = XCSwiftPackageProductDependency;
			package = C9AB252F2F472D9A0032D25B /* XCRemoteSwiftPackageReference "swift-dependencies" */;
			productName = DependenciesMacros;
		};
/* End XCSwiftPackageProductDependency section */
	};
	rootObject = C932C3672F4658E000749208 /* Project object */;
}
